// !$*UTF8*$!
{
	archiveVersion = 1;
	classes = {
	};
	objectVersion = 77;
	objects = {

/* Begin PBXBuildFile section */
		EE522BA52E301F6D002979CB /* TranAx Extension.appex in Embed Foundation Extensions */ = {isa = PBXBuildFile; fileRef = EE522BA42E301F6D002979CB /* TranAx Extension.appex */; settings = {ATTRIBUTES = (RemoveHeadersOnCopy, ); }; };
/* End PBXBuildFile section */

/* Begin PBXContainerItemProxy section */
		EE522B8F2E301F6D002979CB /* PBXContainerItemProxy */ = {
			isa = PBXContainerItemProxy;
			containerPortal = EE522B6A2E301F6B002979CB /* Project object */;
			proxyType = 1;
			remoteGlobalIDString = EE522B712E301F6B002979CB;
			remoteInfo = TranAx;
		};
		EE522B992E301F6D002979CB /* PBXContainerItemProxy */ = {
			isa = PBXContainerItemProxy;
			containerPortal = EE522B6A2E301F6B002979CB /* Project object */;
			proxyType = 1;
			remoteGlobalIDString = EE522B712E301F6B002979CB;
			remoteInfo = TranAx;
		};
		EE522BA62E301F6D002979CB /* PBXContainerItemProxy */ = {
			isa = PBXContainerItemProxy;
			containerPortal = EE522B6A2E301F6B002979CB /* Project object */;
			proxyType = 1;
			remoteGlobalIDString = EE522BA32E301F6D002979CB;
			remoteInfo = "TranAx Extension";
		};
/* End PBXContainerItemProxy section */

/* Begin PBXCopyFilesBuildPhase section */
		EE522BC42E301F6D002979CB /* Embed Foundation Extensions */ = {
			isa = PBXCopyFilesBuildPhase;
			buildActionMask = 2147483647;
			dstPath = "";
			dstSubfolderSpec = 13;
			files = (
				EE522BA52E301F6D002979CB /* TranAx Extension.appex in Embed Foundation Extensions */,
			);
			name = "Embed Foundation Extensions";
			runOnlyForDeploymentPostprocessing = 0;
		};
/* End PBXCopyFilesBuildPhase section */

/* Begin PBXFileReference section */
		EE522B722E301F6B002979CB /* TranAx.app */ = {isa = PBXFileReference; explicitFileType = wrapper.application; includeInIndex = 0; path = TranAx.app; sourceTree = BUILT_PRODUCTS_DIR; };
		EE522B8E2E301F6D002979CB /* TranAxTests.xctest */ = {isa = PBXFileReference; explicitFileType = wrapper.cfbundle; includeInIndex = 0; path = TranAxTests.xctest; sourceTree = BUILT_PRODUCTS_DIR; };
		EE522B982E301F6D002979CB /* TranAxUITests.xctest */ = {isa = PBXFileReference; explicitFileType = wrapper.cfbundle; includeInIndex = 0; path = TranAxUITests.xctest; sourceTree = BUILT_PRODUCTS_DIR; };
		EE522BA42E301F6D002979CB /* TranAx Extension.appex */ = {isa = PBXFileReference; explicitFileType = "wrapper.app-extension"; includeInIndex = 0; path = "TranAx Extension.appex"; sourceTree = BUILT_PRODUCTS_DIR; };
/* End PBXFileReference section */

/* Begin PBXFileSystemSynchronizedBuildFileExceptionSet section */
		EE522BBE2E301F6D002979CB /* Exceptions for "TranAx Extension" folder in "TranAx Extension" target */ = {
			isa = PBXFileSystemSynchronizedBuildFileExceptionSet;
			membershipExceptions = (
				Info.plist,
			);
			target = EE522BA32E301F6D002979CB /* TranAx Extension */;
		};
/* End PBXFileSystemSynchronizedBuildFileExceptionSet section */

/* Begin PBXFileSystemSynchronizedRootGroup section */
		EE522B742E301F6B002979CB /* TranAx */ = {
			isa = PBXFileSystemSynchronizedRootGroup;
			path = TranAx;
			sourceTree = "<group>";
		};
		EE522B912E301F6D002979CB /* TranAxTests */ = {
			isa = PBXFileSystemSynchronizedRootGroup;
			path = TranAxTests;
			sourceTree = "<group>";
		};
		EE522B9B2E301F6D002979CB /* TranAxUITests */ = {
			isa = PBXFileSystemSynchronizedRootGroup;
			path = TranAxUITests;
			sourceTree = "<group>";
		};
		EE522BA82E301F6D002979CB /* TranAx Extension */ = {
			isa = PBXFileSystemSynchronizedRootGroup;
			exceptions = (
				EE522BBE2E301F6D002979CB /* Exceptions for "TranAx Extension" folder in "TranAx Extension" target */,
			);
			explicitFolders = (
				Resources/_locales,
				Resources/images,
			);
			path = "TranAx Extension";
			sourceTree = "<group>";
		};
/* End PBXFileSystemSynchronizedRootGroup section */

/* Begin PBXFrameworksBuildPhase section */
		EE522B6F2E301F6B002979CB /* Frameworks */ = {
			isa = PBXFrameworksBuildPhase;
			buildActionMask = 2147483647;
			files = (
			);
			runOnlyForDeploymentPostprocessing = 0;
		};
		EE522B8B2E301F6D002979CB /* Frameworks */ = {
			isa = PBXFrameworksBuildPhase;
			buildActionMask = 2147483647;
			files = (
			);
			runOnlyForDeploymentPostprocessing = 0;
		};
		EE522B952E301F6D002979CB /* Frameworks */ = {
			isa = PBXFrameworksBuildPhase;
			buildActionMask = 2147483647;
			files = (
			);
			runOnlyForDeploymentPostprocessing = 0;
		};
		EE522BA12E301F6D002979CB /* Frameworks */ = {
			isa = PBXFrameworksBuildPhase;
			buildActionMask = 2147483647;
			files = (
			);
			runOnlyForDeploymentPostprocessing = 0;
		};
/* End PBXFrameworksBuildPhase section */

/* Begin PBXGroup section */
		EE522B692E301F6B002979CB = {
			isa = PBXGroup;
			children = (
				EE522B742E301F6B002979CB /* TranAx */,
				EE522B912E301F6D002979CB /* TranAxTests */,
				EE522B9B2E301F6D002979CB /* TranAxUITests */,
				EE522BA82E301F6D002979CB /* TranAx Extension */,
				EE522B732E301F6B002979CB /* Products */,
			);
			sourceTree = "<group>";
		};
		EE522B732E301F6B002979CB /* Products */ = {
			isa = PBXGroup;
			children = (
				EE522B722E301F6B002979CB /* TranAx.app */,
				EE522B8E2E301F6D002979CB /* TranAxTests.xctest */,
				EE522B982E301F6D002979CB /* TranAxUITests.xctest */,
				EE522BA42E301F6D002979CB /* TranAx Extension.appex */,
			);
			name = Products;
			sourceTree = "<group>";
		};
/* End PBXGroup section */

/* Begin PBXNativeTarget section */
		EE522B712E301F6B002979CB /* TranAx */ = {
			isa = PBXNativeTarget;
			buildConfigurationList = EE522BC52E301F6D002979CB /* Build configuration list for PBXNativeTarget "TranAx" */;
			buildPhases = (
				EE522B6E2E301F6B002979CB /* Sources */,
				EE522B6F2E301F6B002979CB /* Frameworks */,
				EE522B702E301F6B002979CB /* Resources */,
				EE522BC42E301F6D002979CB /* Embed Foundation Extensions */,
			);
			buildRules = (
			);
			dependencies = (
				EE522BA72E301F6D002979CB /* PBXTargetDependency */,
			);
			fileSystemSynchronizedGroups = (
				EE522B742E301F6B002979CB /* TranAx */,
			);
			name = TranAx;
			packageProductDependencies = (
			);
			productName = TranAx;
			productReference = EE522B722E301F6B002979CB /* TranAx.app */;
			productType = "com.apple.product-type.application";
		};
		EE522B8D2E301F6D002979CB /* TranAxTests */ = {
			isa = PBXNativeTarget;
			buildConfigurationList = EE522BC82E301F6D002979CB /* Build configuration list for PBXNativeTarget "TranAxTests" */;
			buildPhases = (
				EE522B8A2E301F6D002979CB /* Sources */,
				EE522B8B2E301F6D002979CB /* Frameworks */,
				EE522B8C2E301F6D002979CB /* Resources */,
			);
			buildRules = (
			);
			dependencies = (
				EE522B902E301F6D002979CB /* PBXTargetDependency */,
			);
			fileSystemSynchronizedGroups = (
				EE522B912E301F6D002979CB /* TranAxTests */,
			);
			name = TranAxTests;
			packageProductDependencies = (
			);
			productName = TranAxTests;
			productReference = EE522B8E2E301F6D002979CB /* TranAxTests.xctest */;
			productType = "com.apple.product-type.bundle.unit-test";
		};
		EE522B972E301F6D002979CB /* TranAxUITests */ = {
			isa = PBXNativeTarget;
			buildConfigurationList = EE522BCB2E301F6D002979CB /* Build configuration list for PBXNativeTarget "TranAxUITests" */;
			buildPhases = (
				EE522B942E301F6D002979CB /* Sources */,
				EE522B952E301F6D002979CB /* Frameworks */,
				EE522B962E301F6D002979CB /* Resources */,
			);
			buildRules = (
			);
			dependencies = (
				EE522B9A2E301F6D002979CB /* PBXTargetDependency */,
			);
			fileSystemSynchronizedGroups = (
				EE522B9B2E301F6D002979CB /* TranAxUITests */,
			);
			name = TranAxUITests;
			packageProductDependencies = (
			);
			productName = TranAxUITests;
			productReference = EE522B982E301F6D002979CB /* TranAxUITests.xctest */;
			productType = "com.apple.product-type.bundle.ui-testing";
		};
		EE522BA32E301F6D002979CB /* TranAx Extension */ = {
			isa = PBXNativeTarget;
			buildConfigurationList = EE522BBF2E301F6D002979CB /* Build configuration list for PBXNativeTarget "TranAx Extension" */;
			buildPhases = (
				EE522BA02E301F6D002979CB /* Sources */,
				EE522BA12E301F6D002979CB /* Frameworks */,
				EE522BA22E301F6D002979CB /* Resources */,
			);
			buildRules = (
			);
			dependencies = (
			);
			fileSystemSynchronizedGroups = (
				EE522BA82E301F6D002979CB /* TranAx Extension */,
			);
			name = "TranAx Extension";
			packageProductDependencies = (
			);
			productName = "TranAx Extension";
			productReference = EE522BA42E301F6D002979CB /* TranAx Extension.appex */;
			productType = "com.apple.product-type.app-extension";
		};
/* End PBXNativeTarget section */

/* Begin PBXProject section */
		EE522B6A2E301F6B002979CB /* Project object */ = {
			isa = PBXProject;
			attributes = {
				BuildIndependentTargetsInParallel = 1;
				LastSwiftUpdateCheck = 1640;
				LastUpgradeCheck = 1640;
				TargetAttributes = {
					EE522B712E301F6B002979CB = {
						CreatedOnToolsVersion = 16.4;
					};
					EE522B8D2E301F6D002979CB = {
						CreatedOnToolsVersion = 16.4;
						TestTargetID = EE522B712E301F6B002979CB;
					};
					EE522B972E301F6D002979CB = {
						CreatedOnToolsVersion = 16.4;
						TestTargetID = EE522B712E301F6B002979CB;
					};
					EE522BA32E301F6D002979CB = {
						CreatedOnToolsVersion = 16.4;
					};
				};
			};
			buildConfigurationList = EE522B6D2E301F6B002979CB /* Build configuration list for PBXProject "TranAx" */;
			developmentRegion = en;
			hasScannedForEncodings = 0;
			knownRegions = (
				en,
				Base,
			);
			mainGroup = EE522B692E301F6B002979CB;
			minimizedProjectReferenceProxies = 1;
			preferredProjectObjectVersion = 77;
			productRefGroup = EE522B732E301F6B002979CB /* Products */;
			projectDirPath = "";
			projectRoot = "";
			targets = (
				EE522B712E301F6B002979CB /* TranAx */,
				EE522B8D2E301F6D002979CB /* TranAxTests */,
				EE522B972E301F6D002979CB /* TranAxUITests */,
				EE522BA32E301F6D002979CB /* TranAx Extension */,
			);
		};
/* End PBXProject section */

/* Begin PBXResourcesBuildPhase section */
		EE522B702E301F6B002979CB /* Resources */ = {
			isa = PBXResourcesBuildPhase;
			buildActionMask = 2147483647;
			files = (
			);
			runOnlyForDeploymentPostprocessing = 0;
		};
		EE522B8C2E301F6D002979CB /* Resources */ = {
			isa = PBXResourcesBuildPhase;
			buildActionMask = 2147483647;
			files = (
			);
			runOnlyForDeploymentPostprocessing = 0;
		};
		EE522B962E301F6D002979CB /* Resources */ = {
			isa = PBXResourcesBuildPhase;
			buildActionMask = 2147483647;
			files = (
			);
			runOnlyForDeploymentPostprocessing = 0;
		};
		EE522BA22E301F6D002979CB /* Resources */ = {
			isa = PBXResourcesBuildPhase;
			buildActionMask = 2147483647;
			files = (
			);
			runOnlyForDeploymentPostprocessing = 0;
		};
/* End PBXResourcesBuildPhase section */

/* Begin PBXSourcesBuildPhase section */
		EE522B6E2E301F6B002979CB /* Sources */ = {
			isa = PBXSourcesBuildPhase;
			buildActionMask = 2147483647;
			files = (
			);
			runOnlyForDeploymentPostprocessing = 0;
		};
		EE522B8A2E301F6D002979CB /* Sources */ = {
			isa = PBXSourcesBuildPhase;
			buildActionMask = 2147483647;
			files = (
			);
			runOnlyForDeploymentPostprocessing = 0;
		};
		EE522B942E301F6D002979CB /* Sources */ = {
			isa = PBXSourcesBuildPhase;
			buildActionMask = 2147483647;
			files = (
			);
			runOnlyForDeploymentPostprocessing = 0;
		};
		EE522BA02E301F6D002979CB /* Sources */ = {
			isa = PBXSourcesBuildPhase;
			buildActionMask = 2147483647;
			files = (
			);
			runOnlyForDeploymentPostprocessing = 0;
		};
/* End PBXSourcesBuildPhase section */

/* Begin PBXTargetDependency section */
		EE522B902E301F6D002979CB /* PBXTargetDependency */ = {
			isa = PBXTargetDependency;
			target = EE522B712E301F6B002979CB /* TranAx */;
			targetProxy = EE522B8F2E301F6D002979CB /* PBXContainerItemProxy */;
		};
		EE522B9A2E301F6D002979CB /* PBXTargetDependency */ = {
			isa = PBXTargetDependency;
			target = EE522B712E301F6B002979CB /* TranAx */;
			targetProxy = EE522B992E301F6D002979CB /* PBXContainerItemProxy */;
		};
		EE522BA72E301F6D002979CB /* PBXTargetDependency */ = {
			isa = PBXTargetDependency;
			target = EE522BA32E301F6D002979CB /* TranAx Extension */;
			targetProxy = EE522BA62E301F6D002979CB /* PBXContainerItemProxy */;
		};
/* End PBXTargetDependency section */

/* Begin XCBuildConfiguration section */
		EE522BC02E301F6D002979CB /* Debug */ = {
			isa = XCBuildConfiguration;
			buildSettings = {
				CODE_SIGN_ENTITLEMENTS = "TranAx Extension/TranAx_Extension.entitlements";
				CODE_SIGN_STYLE = Automatic;
				CURRENT_PROJECT_VERSION = 1;
				DEVELOPMENT_TEAM = 58559WYN64;
				ENABLE_HARDENED_RUNTIME = YES;
				GENERATE_INFOPLIST_FILE = YES;
				INFOPLIST_FILE = "TranAx Extension/Info.plist";
				INFOPLIST_KEY_CFBundleDisplayName = "TranAx Extension";
				INFOPLIST_KEY_NSHumanReadableCopyright = "";
				LD_RUNPATH_SEARCH_PATHS = (
					"$(inherited)",
					"@executable_path/../Frameworks",
					"@executable_path/../../../../Frameworks",
				);
				MACOSX_DEPLOYMENT_TARGET = 10.14;
				MARKETING_VERSION = 1.0;
				OTHER_LDFLAGS = (
					"-framework",
					SafariServices,
				);
				PRODUCT_BUNDLE_IDENTIFIER = com.kevincar.TranAx.Extension;
				PRODUCT_NAME = "$(TARGET_NAME)";
				SKIP_INSTALL = YES;
				SWIFT_EMIT_LOC_STRINGS = YES;
				SWIFT_VERSION = 5.0;
			};
			name = Debug;
		};
		EE522BC12E301F6D002979CB /* Release */ = {
			isa = XCBuildConfiguration;
			buildSettings = {
				CODE_SIGN_ENTITLEMENTS = "TranAx Extension/TranAx_Extension.entitlements";
				CODE_SIGN_STYLE = Automatic;
				CURRENT_PROJECT_VERSION = 1;
				DEVELOPMENT_TEAM = 58559WYN64;
				ENABLE_HARDENED_RUNTIME = YES;
				GENERATE_INFOPLIST_FILE = YES;
				INFOPLIST_FILE = "TranAx Extension/Info.plist";
				INFOPLIST_KEY_CFBundleDisplayName = "TranAx Extension";
				INFOPLIST_KEY_NSHumanReadableCopyright = "";
				LD_RUNPATH_SEARCH_PATHS = (
					"$(inherited)",
					"@executable_path/../Frameworks",
					"@executable_path/../../../../Frameworks",
				);
				MACOSX_DEPLOYMENT_TARGET = 10.14;
				MARKETING_VERSION = 1.0;
				OTHER_LDFLAGS = (
					"-framework",
					SafariServices,
				);
				PRODUCT_BUNDLE_IDENTIFIER = com.kevincar.TranAx.Extension;
				PRODUCT_NAME = "$(TARGET_NAME)";
				SKIP_INSTALL = YES;
				SWIFT_EMIT_LOC_STRINGS = YES;
				SWIFT_VERSION = 5.0;
			};
			name = Release;
		};
		EE522BC22E301F6D002979CB /* Debug */ = {
			isa = XCBuildConfiguration;
			buildSettings = {
				ALWAYS_SEARCH_USER_PATHS = NO;
				ASSETCATALOG_COMPILER_GENERATE_SWIFT_ASSET_SYMBOL_EXTENSIONS = YES;
				CLANG_ANALYZER_NONNULL = YES;
				CLANG_ANALYZER_NUMBER_OBJECT_CONVERSION = YES_AGGRESSIVE;
				CLANG_CXX_LANGUAGE_STANDARD = "gnu++20";
				CLANG_ENABLE_MODULES = YES;
				CLANG_ENABLE_OBJC_ARC = YES;
				CLANG_ENABLE_OBJC_WEAK = YES;
				CLANG_WARN_BLOCK_CAPTURE_AUTORELEASING = YES;
				CLANG_WARN_BOOL_CONVERSION = YES;
				CLANG_WARN_COMMA = YES;
				CLANG_WARN_CONSTANT_CONVERSION = YES;
				CLANG_WARN_DEPRECATED_OBJC_IMPLEMENTATIONS = YES;
				CLANG_WARN_DIRECT_OBJC_ISA_USAGE = YES_ERROR;
				CLANG_WARN_DOCUMENTATION_COMMENTS = YES;
				CLANG_WARN_EMPTY_BODY = YES;
				CLANG_WARN_ENUM_CONVERSION = YES;
				CLANG_WARN_INFINITE_RECURSION = YES;
				CLANG_WARN_INT_CONVERSION = YES;
				CLANG_WARN_NON_LITERAL_NULL_CONVERSION = YES;
				CLANG_WARN_OBJC_IMPLICIT_RETAIN_SELF = YES;
				CLANG_WARN_OBJC_LITERAL_CONVERSION = YES;
				CLANG_WARN_OBJC_ROOT_CLASS = YES_ERROR;
				CLANG_WARN_QUOTED_INCLUDE_IN_FRAMEWORK_HEADER = YES;
				CLANG_WARN_RANGE_LOOP_ANALYSIS = YES;
				CLANG_WARN_STRICT_PROTOTYPES = YES;
				CLANG_WARN_SUSPICIOUS_MOVE = YES;
				CLANG_WARN_UNGUARDED_AVAILABILITY = YES_AGGRESSIVE;
				CLANG_WARN_UNREACHABLE_CODE = YES;
				CLANG_WARN__DUPLICATE_METHOD_MATCH = YES;
				COPY_PHASE_STRIP = NO;
				DEBUG_INFORMATION_FORMAT = dwarf;
				DEVELOPMENT_TEAM = 58559WYN64;
				ENABLE_STRICT_OBJC_MSGSEND = YES;
				ENABLE_TESTABILITY = YES;
				ENABLE_USER_SCRIPT_SANDBOXING = YES;
				GCC_C_LANGUAGE_STANDARD = gnu17;
				GCC_DYNAMIC_NO_PIC = NO;
				GCC_NO_COMMON_BLOCKS = YES;
				GCC_OPTIMIZATION_LEVEL = 0;
				GCC_PREPROCESSOR_DEFINITIONS = (
					"DEBUG=1",
					"$(inherited)",
				);
				GCC_WARN_64_TO_32_BIT_CONVERSION = YES;
				GCC_WARN_ABOUT_RETURN_TYPE = YES_ERROR;
				GCC_WARN_UNDECLARED_SELECTOR = YES;
				GCC_WARN_UNINITIALIZED_AUTOS = YES_AGGRESSIVE;
				GCC_WARN_UNUSED_FUNCTION = YES;
				GCC_WARN_UNUSED_VARIABLE = YES;
				LOCALIZATION_PREFERS_STRING_CATALOGS = YES;
				MACOSX_DEPLOYMENT_TARGET = 15.5;
				MTL_ENABLE_DEBUG_INFO = INCLUDE_SOURCE;
				MTL_FAST_MATH = YES;
				ONLY_ACTIVE_ARCH = YES;
				SDKROOT = macosx;
				SWIFT_ACTIVE_COMPILATION_CONDITIONS = "DEBUG $(inherited)";
				SWIFT_OPTIMIZATION_LEVEL = "-Onone";
			};
			name = Debug;
		};
		EE522BC32E301F6D002979CB /* Release */ = {
			isa = XCBuildConfiguration;
			buildSettings = {
				ALWAYS_SEARCH_USER_PATHS = NO;
				ASSETCATALOG_COMPILER_GENERATE_SWIFT_ASSET_SYMBOL_EXTENSIONS = YES;
				CLANG_ANALYZER_NONNULL = YES;
				CLANG_ANALYZER_NUMBER_OBJECT_CONVERSION = YES_AGGRESSIVE;
				CLANG_CXX_LANGUAGE_STANDARD = "gnu++20";
				CLANG_ENABLE_MODULES = YES;
				CLANG_ENABLE_OBJC_ARC = YES;
				CLANG_ENABLE_OBJC_WEAK = YES;
				CLANG_WARN_BLOCK_CAPTURE_AUTORELEASING = YES;
				CLANG_WARN_BOOL_CONVERSION = YES;
				CLANG_WARN_COMMA = YES;
				CLANG_WARN_CONSTANT_CONVERSION = YES;
				CLANG_WARN_DEPRECATED_OBJC_IMPLEMENTATIONS = YES;
				CLANG_WARN_DIRECT_OBJC_ISA_USAGE = YES_ERROR;
				CLANG_WARN_DOCUMENTATION_COMMENTS = YES;
				CLANG_WARN_EMPTY_BODY = YES;
				CLANG_WARN_ENUM_CONVERSION = YES;
				CLANG_WARN_INFINITE_RECURSION = YES;
				CLANG_WARN_INT_CONVERSION = YES;
				CLANG_WARN_NON_LITERAL_NULL_CONVERSION = YES;
				CLANG_WARN_OBJC_IMPLICIT_RETAIN_SELF = YES;
				CLANG_WARN_OBJC_LITERAL_CONVERSION = YES;
				CLANG_WARN_OBJC_ROOT_CLASS = YES_ERROR;
				CLANG_WARN_QUOTED_INCLUDE_IN_FRAMEWORK_HEADER = YES;
				CLANG_WARN_RANGE_LOOP_ANALYSIS = YES;
				CLANG_WARN_STRICT_PROTOTYPES = YES;
				CLANG_WARN_SUSPICIOUS_MOVE = YES;
				CLANG_WARN_UNGUARDED_AVAILABILITY = YES_AGGRESSIVE;
				CLANG_WARN_UNREACHABLE_CODE = YES;
				CLANG_WARN__DUPLICATE_METHOD_MATCH = YES;
				COPY_PHASE_STRIP = NO;
				DEBUG_INFORMATION_FORMAT = "dwarf-with-dsym";
				DEVELOPMENT_TEAM = 58559WYN64;
				ENABLE_NS_ASSERTIONS = NO;
				ENABLE_STRICT_OBJC_MSGSEND = YES;
				ENABLE_USER_SCRIPT_SANDBOXING = YES;
				GCC_C_LANGUAGE_STANDARD = gnu17;
				GCC_NO_COMMON_BLOCKS = YES;
				GCC_WARN_64_TO_32_BIT_CONVERSION = YES;
				GCC_WARN_ABOUT_RETURN_TYPE = YES_ERROR;
				GCC_WARN_UNDECLARED_SELECTOR = YES;
				GCC_WARN_UNINITIALIZED_AUTOS = YES_AGGRESSIVE;
				GCC_WARN_UNUSED_FUNCTION = YES;
				GCC_WARN_UNUSED_VARIABLE = YES;
				LOCALIZATION_PREFERS_STRING_CATALOGS = YES;
				MACOSX_DEPLOYMENT_TARGET = 15.5;
				MTL_ENABLE_DEBUG_INFO = NO;
				MTL_FAST_MATH = YES;
				SDKROOT = macosx;
				SWIFT_COMPILATION_MODE = wholemodule;
			};
			name = Release;
		};
		EE522BC62E301F6D002979CB /* Debug */ = {
			isa = XCBuildConfiguration;
			buildSettings = {
				ASSETCATALOG_COMPILER_APPICON_NAME = AppIcon;
				ASSETCATALOG_COMPILER_GLOBAL_ACCENT_COLOR_NAME = AccentColor;
				CODE_SIGN_ENTITLEMENTS = TranAx/TranAx.entitlements;
				CODE_SIGN_STYLE = Automatic;
				COMBINE_HIDPI_IMAGES = YES;
				CURRENT_PROJECT_VERSION = 1;
				DEVELOPMENT_TEAM = 58559WYN64;
				ENABLE_HARDENED_RUNTIME = YES;
				GENERATE_INFOPLIST_FILE = YES;
				INFOPLIST_KEY_CFBundleDisplayName = TranAx;
				INFOPLIST_KEY_NSHumanReadableCopyright = "";
				INFOPLIST_KEY_NSMainStoryboardFile = Main;
				INFOPLIST_KEY_NSPrincipalClass = NSApplication;
				LD_RUNPATH_SEARCH_PATHS = (
					"$(inherited)",
					"@executable_path/../Frameworks",
				);
				MACOSX_DEPLOYMENT_TARGET = 10.14;
				MARKETING_VERSION = 1.0;
				OTHER_LDFLAGS = (
					"-framework",
					SafariServices,
					"-framework",
					WebKit,
				);
				PRODUCT_BUNDLE_IDENTIFIER = com.kevincar.TranAx;
				PRODUCT_NAME = "$(TARGET_NAME)";
				REGISTER_APP_GROUPS = YES;
				SWIFT_EMIT_LOC_STRINGS = YES;
				SWIFT_VERSION = 5.0;
			};
			name = Debug;
		};
		EE522BC72E301F6D002979CB /* Release */ = {
			isa = XCBuildConfiguration;
			buildSettings = {
				ASSETCATALOG_COMPILER_APPICON_NAME = AppIcon;
				ASSETCATALOG_COMPILER_GLOBAL_ACCENT_COLOR_NAME = AccentColor;
				CODE_SIGN_ENTITLEMENTS = TranAx/TranAx.entitlements;
				CODE_SIGN_STYLE = Automatic;
				COMBINE_HIDPI_IMAGES = YES;
				CURRENT_PROJECT_VERSION = 1;
				DEVELOPMENT_TEAM = 58559WYN64;
				ENABLE_HARDENED_RUNTIME = YES;
				GENERATE_INFOPLIST_FILE = YES;
				INFOPLIST_KEY_CFBundleDisplayName = TranAx;
				INFOPLIST_KEY_NSHumanReadableCopyright = "";
				INFOPLIST_KEY_NSMainStoryboardFile = Main;
				INFOPLIST_KEY_NSPrincipalClass = NSApplication;
				LD_RUNPATH_SEARCH_PATHS = (
					"$(inherited)",
					"@executable_path/../Frameworks",
				);
				MACOSX_DEPLOYMENT_TARGET = 10.14;
				MARKETING_VERSION = 1.0;
				OTHER_LDFLAGS = (
					"-framework",
					SafariServices,
					"-framework",
					WebKit,
				);
				PRODUCT_BUNDLE_IDENTIFIER = com.kevincar.TranAx;
				PRODUCT_NAME = "$(TARGET_NAME)";
				REGISTER_APP_GROUPS = YES;
				SWIFT_EMIT_LOC_STRINGS = YES;
				SWIFT_VERSION = 5.0;
			};
			name = Release;
		};
		EE522BC92E301F6D002979CB /* Debug */ = {
			isa = XCBuildConfiguration;
			buildSettings = {
				BUNDLE_LOADER = "$(TEST_HOST)";
				CODE_SIGN_STYLE = Automatic;
				CURRENT_PROJECT_VERSION = 1;
				DEVELOPMENT_TEAM = 58559WYN64;
				GENERATE_INFOPLIST_FILE = YES;
				MACOSX_DEPLOYMENT_TARGET = 10.14;
				MARKETING_VERSION = 1.0;
				PRODUCT_BUNDLE_IDENTIFIER = com.kevincar.TranAxTests;
				PRODUCT_NAME = "$(TARGET_NAME)";
				SWIFT_EMIT_LOC_STRINGS = NO;
				SWIFT_VERSION = 5.0;
				TEST_HOST = "$(BUILT_PRODUCTS_DIR)/TranAx.app/$(BUNDLE_EXECUTABLE_FOLDER_PATH)/TranAx";
			};
			name = Debug;
		};
		EE522BCA2E301F6D002979CB /* Release */ = {
			isa = XCBuildConfiguration;
			buildSettings = {
				BUNDLE_LOADER = "$(TEST_HOST)";
				CODE_SIGN_STYLE = Automatic;
				CURRENT_PROJECT_VERSION = 1;
				DEVELOPMENT_TEAM = 58559WYN64;
				GENERATE_INFOPLIST_FILE = YES;
				MACOSX_DEPLOYMENT_TARGET = 10.14;
				MARKETING_VERSION = 1.0;
				PRODUCT_BUNDLE_IDENTIFIER = com.kevincar.TranAxTests;
				PRODUCT_NAME = "$(TARGET_NAME)";
				SWIFT_EMIT_LOC_STRINGS = NO;
				SWIFT_VERSION = 5.0;
				TEST_HOST = "$(BUILT_PRODUCTS_DIR)/TranAx.app/$(BUNDLE_EXECUTABLE_FOLDER_PATH)/TranAx";
			};
			name = Release;
		};
		EE522BCC2E301F6D002979CB /* Debug */ = {
			isa = XCBuildConfiguration;
			buildSettings = {
				CODE_SIGN_STYLE = Automatic;
				CURRENT_PROJECT_VERSION = 1;
				DEVELOPMENT_TEAM = 58559WYN64;
				GENERATE_INFOPLIST_FILE = YES;
				MARKETING_VERSION = 1.0;
				PRODUCT_BUNDLE_IDENTIFIER = com.kevincar.TranAxUITests;
				PRODUCT_NAME = "$(TARGET_NAME)";
				SWIFT_EMIT_LOC_STRINGS = NO;
				SWIFT_VERSION = 5.0;
				TEST_TARGET_NAME = TranAx;
			};
			name = Debug;
		};
		EE522BCD2E301F6D002979CB /* Release */ = {
			isa = XCBuildConfiguration;
			buildSettings = {
				CODE_SIGN_STYLE = Automatic;
				CURRENT_PROJECT_VERSION = 1;
				DEVELOPMENT_TEAM = 58559WYN64;
				GENERATE_INFOPLIST_FILE = YES;
				MARKETING_VERSION = 1.0;
				PRODUCT_BUNDLE_IDENTIFIER = com.kevincar.TranAxUITests;
				PRODUCT_NAME = "$(TARGET_NAME)";
				SWIFT_EMIT_LOC_STRINGS = NO;
				SWIFT_VERSION = 5.0;
				TEST_TARGET_NAME = TranAx;
			};
			name = Release;
		};
/* End XCBuildConfiguration section */

/* Begin XCConfigurationList section */
		EE522B6D2E301F6B002979CB /* Build configuration list for PBXProject "TranAx" */ = {
			isa = XCConfigurationList;
			buildConfigurations = (
				EE522BC22E301F6D002979CB /* Debug */,
				EE522BC32E301F6D002979CB /* Release */,
			);
			defaultConfigurationIsVisible = 0;
			defaultConfigurationName = Release;
		};
		EE522BBF2E301F6D002979CB /* Build configuration list for PBXNativeTarget "TranAx Extension" */ = {
			isa = XCConfigurationList;
			buildConfigurations = (
				EE522BC02E301F6D002979CB /* Debug */,
				EE522BC12E301F6D002979CB /* Release */,
			);
			defaultConfigurationIsVisible = 0;
			defaultConfigurationName = Release;
		};
		EE522BC52E301F6D002979CB /* Build configuration list for PBXNativeTarget "TranAx" */ = {
			isa = XCConfigurationList;
			buildConfigurations = (
				EE522BC62E301F6D002979CB /* Debug */,
				EE522BC72E301F6D002979CB /* Release */,
			);
			defaultConfigurationIsVisible = 0;
			defaultConfigurationName = Release;
		};
		EE522BC82E301F6D002979CB /* Build configuration list for PBXNativeTarget "TranAxTests" */ = {
			isa = XCConfigurationList;
			buildConfigurations = (
				EE522BC92E301F6D002979CB /* Debug */,
				EE522BCA2E301F6D002979CB /* Release */,
			);
			defaultConfigurationIsVisible = 0;
			defaultConfigurationName = Release;
		};
		EE522BCB2E301F6D002979CB /* Build configuration list for PBXNativeTarget "TranAxUITests" */ = {
			isa = XCConfigurationList;
			buildConfigurations = (
				EE522BCC2E301F6D002979CB /* Debug */,
				EE522BCD2E301F6D002979CB /* Release */,
			);
			defaultConfigurationIsVisible = 0;
			defaultConfigurationName = Release;
		};
/* End XCConfigurationList section */
	};
	rootObject = EE522B6A2E301F6B002979CB /* Project object */;
}
